
Microsoft Visual Studio Solution File, Format Version 12.00
# Visual Studio Version 17
VisualStudioVersion = 17.0.31919.166
MinimumVisualStudioVersion = 10.0.40219.1
Project("{FAE04EC0-301F-11D3-BF4B-00C04F79EFBC}") = "GenealogiProject", "GenealogiProject\GenealogiProject.csproj", "{9D1C0B9F-E2B0-46DD-A6B7-576207F10C75}"
EndProject
Global
	GlobalSection(SolutionConfigurationPlatforms) = preSolution
		Debug|Any CPU = Debug|Any CPU
		Release|Any CPU = Release|Any CPU
	EndGlobalSection
	GlobalSection(ProjectConfigurationPlatforms) = postSolution
		{9D1C0B9F-E2B0-46DD-A6B7-576207F10C75}.Debug|Any CPU.ActiveCfg = Debug|Any CPU
		{9D1C0B9F-E2B0-46DD-A6B7-576207F10C75}.Debug|Any CPU.Build.0 = Debug|Any CPU
		{9D1C0B9F-E2B0-46DD-A6B7-576207F10C75}.Release|Any CPU.ActiveCfg = Release|Any CPU
		{9D1C0B9F-E2B0-46DD-A6B7-576207F10C75}.Release|Any CPU.Build.0 = Release|Any CPU
	EndGlobalSection
	GlobalSection(SolutionProperties) = preSolution
		HideSolutionNode = FALSE
	EndGlobalSection
	GlobalSection(ExtensibilityGlobals) = postSolution
		SolutionGuid = {82A29083-82C3-435E-8209-44F3FBA3785A}
	EndGlobalSection
EndGlobal
